// !$*UTF8*$!
{
	archiveVersion = 1;
	classes = {
	};
	objectVersion = 55;
	objects = {

/* Begin PBXBuildFile section */
		116906F12722328F00F4B66D /* AppDelegate.swift in Sources */ = {isa = PBXBuildFile; fileRef = 116906F02722328F00F4B66D /* AppDelegate.swift */; };
		116906F32722328F00F4B66D /* SceneDelegate.swift in Sources */ = {isa = PBXBuildFile; fileRef = 116906F22722328F00F4B66D /* SceneDelegate.swift */; };
		116906F82722328F00F4B66D /* Main.storyboard in Resources */ = {isa = PBXBuildFile; fileRef = 116906F62722328F00F4B66D /* Main.storyboard */; };
		116906FB2722328F00F4B66D /* To_Do_List.xcdatamodeld in Sources */ = {isa = PBXBuildFile; fileRef = 116906F92722328F00F4B66D /* To_Do_List.xcdatamodeld */; };
		116906FD2722329300F4B66D /* Assets.xcassets in Resources */ = {isa = PBXBuildFile; fileRef = 116906FC2722329300F4B66D /* Assets.xcassets */; };
		116907002722329300F4B66D /* LaunchScreen.storyboard in Resources */ = {isa = PBXBuildFile; fileRef = 116906FE2722329300F4B66D /* LaunchScreen.storyboard */; };
		1169070B27223A2700F4B66D /* TasksTableViewController.swift in Sources */ = {isa = PBXBuildFile; fileRef = 1169070A27223A2700F4B66D /* TasksTableViewController.swift */; };
		1169070E27223C9E00F4B66D /* TasksViewModelProtocol.swift in Sources */ = {isa = PBXBuildFile; fileRef = 1169070D27223C9E00F4B66D /* TasksViewModelProtocol.swift */; };
		1169071527223EF100F4B66D /* TasksViewModel.swift in Sources */ = {isa = PBXBuildFile; fileRef = 1169071427223EF100F4B66D /* TasksViewModel.swift */; };
		116C79BA2726221200F6DD67 /* StorageManager.swift in Sources */ = {isa = PBXBuildFile; fileRef = 116C79B92726221200F6DD67 /* StorageManager.swift */; };
/* End PBXBuildFile section */

/* Begin PBXFileReference section */
		116906ED2722328F00F4B66D /* To Do List.app */ = {isa = PBXFileReference; explicitFileType = wrapper.application; includeInIndex = 0; path = "To Do List.app"; sourceTree = BUILT_PRODUCTS_DIR; };
		116906F02722328F00F4B66D /* AppDelegate.swift */ = {isa = PBXFileReference; lastKnownFileType = sourcecode.swift; path = AppDelegate.swift; sourceTree = "<group>"; };
		116906F22722328F00F4B66D /* SceneDelegate.swift */ = {isa = PBXFileReference; lastKnownFileType = sourcecode.swift; path = SceneDelegate.swift; sourceTree = "<group>"; };
		116906F72722328F00F4B66D /* Base */ = {isa = PBXFileReference; lastKnownFileType = file.storyboard; name = Base; path = Base.lproj/Main.storyboard; sourceTree = "<group>"; };
		116906FA2722328F00F4B66D /* To_Do_List.xcdatamodel */ = {isa = PBXFileReference; lastKnownFileType = wrapper.xcdatamodel; path = To_Do_List.xcdatamodel; sourceTree = "<group>"; };
		116906FC2722329300F4B66D /* Assets.xcassets */ = {isa = PBXFileReference; lastKnownFileType = folder.assetcatalog; path = Assets.xcassets; sourceTree = "<group>"; };
		116906FF2722329300F4B66D /* Base */ = {isa = PBXFileReference; lastKnownFileType = file.storyboard; name = Base; path = Base.lproj/LaunchScreen.storyboard; sourceTree = "<group>"; };
		116907012722329300F4B66D /* Info.plist */ = {isa = PBXFileReference; lastKnownFileType = text.plist.xml; path = Info.plist; sourceTree = "<group>"; };
		1169070A27223A2700F4B66D /* TasksTableViewController.swift */ = {isa = PBXFileReference; lastKnownFileType = sourcecode.swift; path = TasksTableViewController.swift; sourceTree = "<group>"; };
		1169070D27223C9E00F4B66D /* TasksViewModelProtocol.swift */ = {isa = PBXFileReference; lastKnownFileType = sourcecode.swift; path = TasksViewModelProtocol.swift; sourceTree = "<group>"; };
		1169071427223EF100F4B66D /* TasksViewModel.swift */ = {isa = PBXFileReference; lastKnownFileType = sourcecode.swift; path = TasksViewModel.swift; sourceTree = "<group>"; };
		116C79B92726221200F6DD67 /* StorageManager.swift */ = {isa = PBXFileReference; lastKnownFileType = sourcecode.swift; path = StorageManager.swift; sourceTree = "<group>"; };
/* End PBXFileReference section */

/* Begin PBXFrameworksBuildPhase section */
		116906EA2722328F00F4B66D /* Frameworks */ = {
			isa = PBXFrameworksBuildPhase;
			buildActionMask = 2147483647;
			files = (
			);
			runOnlyForDeploymentPostprocessing = 0;
		};
/* End PBXFrameworksBuildPhase section */

/* Begin PBXGroup section */
		116906E42722328F00F4B66D = {
			isa = PBXGroup;
			children = (
				116906EF2722328F00F4B66D /* To Do List */,
				116906EE2722328F00F4B66D /* Products */,
			);
			sourceTree = "<group>";
		};
		116906EE2722328F00F4B66D /* Products */ = {
			isa = PBXGroup;
			children = (
				116906ED2722328F00F4B66D /* To Do List.app */,
			);
			name = Products;
			sourceTree = "<group>";
		};
		116906EF2722328F00F4B66D /* To Do List */ = {
			isa = PBXGroup;
			children = (
				116C79B8272621EE00F6DD67 /* Manager */,
				11690707272232A400F4B66D /* Application */,
				1169071027223D1400F4B66D /* Model */,
				1169071327223EC600F4B66D /* ViewModel */,
				1169070F27223CA500F4B66D /* Protocols */,
				1169070C27223BB100F4B66D /* Views */,
				116907082722335700F4B66D /* Interface Builders */,
				116907092722339A00F4B66D /* Supporting Files */,
			);
			path = "To Do List";
			sourceTree = "<group>";
		};
		11690707272232A400F4B66D /* Application */ = {
			isa = PBXGroup;
			children = (
				116906F02722328F00F4B66D /* AppDelegate.swift */,
				116906F22722328F00F4B66D /* SceneDelegate.swift */,
			);
			path = Application;
			sourceTree = "<group>";
		};
		116907082722335700F4B66D /* Interface Builders */ = {
			isa = PBXGroup;
			children = (
				116906F62722328F00F4B66D /* Main.storyboard */,
				116906FE2722329300F4B66D /* LaunchScreen.storyboard */,
			);
			path = "Interface Builders";
			sourceTree = "<group>";
		};
		116907092722339A00F4B66D /* Supporting Files */ = {
			isa = PBXGroup;
			children = (
				116906FC2722329300F4B66D /* Assets.xcassets */,
				116907012722329300F4B66D /* Info.plist */,
			);
			path = "Supporting Files";
			sourceTree = "<group>";
		};
		1169070C27223BB100F4B66D /* Views */ = {
			isa = PBXGroup;
			children = (
				1169070A27223A2700F4B66D /* TasksTableViewController.swift */,
			);
			path = Views;
			sourceTree = "<group>";
		};
		1169070F27223CA500F4B66D /* Protocols */ = {
			isa = PBXGroup;
			children = (
				1169070D27223C9E00F4B66D /* TasksViewModelProtocol.swift */,
			);
			path = Protocols;
			sourceTree = "<group>";
		};
		1169071027223D1400F4B66D /* Model */ = {
			isa = PBXGroup;
			children = (
				116906F92722328F00F4B66D /* To_Do_List.xcdatamodeld */,
			);
			path = Model;
			sourceTree = "<group>";
		};
		1169071327223EC600F4B66D /* ViewModel */ = {
			isa = PBXGroup;
			children = (
				1169071427223EF100F4B66D /* TasksViewModel.swift */,
			);
			path = ViewModel;
			sourceTree = "<group>";
		};
		116C79B8272621EE00F6DD67 /* Manager */ = {
			isa = PBXGroup;
			children = (
				116C79B92726221200F6DD67 /* StorageManager.swift */,
			);
			path = Manager;
			sourceTree = "<group>";
		};
/* End PBXGroup section */

/* Begin PBXNativeTarget section */
		116906EC2722328F00F4B66D /* To Do List */ = {
			isa = PBXNativeTarget;
			buildConfigurationList = 116907042722329300F4B66D /* Build configuration list for PBXNativeTarget "To Do List" */;
			buildPhases = (
				116906E92722328F00F4B66D /* Sources */,
				116906EA2722328F00F4B66D /* Frameworks */,
				116906EB2722328F00F4B66D /* Resources */,
			);
			buildRules = (
			);
			dependencies = (
			);
			name = "To Do List";
			productName = "To Do List";
			productReference = 116906ED2722328F00F4B66D /* To Do List.app */;
			productType = "com.apple.product-type.application";
		};
/* End PBXNativeTarget section */

/* Begin PBXProject section */
		116906E52722328F00F4B66D /* Project object */ = {
			isa = PBXProject;
			attributes = {
				BuildIndependentTargetsInParallel = 1;
				LastSwiftUpdateCheck = 1300;
				LastUpgradeCheck = 1300;
				TargetAttributes = {
					116906EC2722328F00F4B66D = {
						CreatedOnToolsVersion = 13.0;
					};
				};
			};
			buildConfigurationList = 116906E82722328F00F4B66D /* Build configuration list for PBXProject "To Do List" */;
			compatibilityVersion = "Xcode 13.0";
			developmentRegion = en;
			hasScannedForEncodings = 0;
			knownRegions = (
				en,
				Base,
			);
			mainGroup = 116906E42722328F00F4B66D;
			productRefGroup = 116906EE2722328F00F4B66D /* Products */;
			projectDirPath = "";
			projectRoot = "";
			targets = (
				116906EC2722328F00F4B66D /* To Do List */,
			);
		};
/* End PBXProject section */

/* Begin PBXResourcesBuildPhase section */
		116906EB2722328F00F4B66D /* Resources */ = {
			isa = PBXResourcesBuildPhase;
			buildActionMask = 2147483647;
			files = (
				116907002722329300F4B66D /* LaunchScreen.storyboard in Resources */,
				116906FD2722329300F4B66D /* Assets.xcassets in Resources */,
				116906F82722328F00F4B66D /* Main.storyboard in Resources */,
			);
			runOnlyForDeploymentPostprocessing = 0;
		};
/* End PBXResourcesBuildPhase section */

/* Begin PBXSourcesBuildPhase section */
		116906E92722328F00F4B66D /* Sources */ = {
			isa = PBXSourcesBuildPhase;
			buildActionMask = 2147483647;
			files = (
				116906F12722328F00F4B66D /* AppDelegate.swift in Sources */,
				116906F32722328F00F4B66D /* SceneDelegate.swift in Sources */,
				1169071527223EF100F4B66D /* TasksViewModel.swift in Sources */,
				116C79BA2726221200F6DD67 /* StorageManager.swift in Sources */,
				1169070E27223C9E00F4B66D /* TasksViewModelProtocol.swift in Sources */,
				1169070B27223A2700F4B66D /* TasksTableViewController.swift in Sources */,
				116906FB2722328F00F4B66D /* To_Do_List.xcdatamodeld in Sources */,
			);
			runOnlyForDeploymentPostprocessing = 0;
		};
/* End PBXSourcesBuildPhase section */

/* Begin PBXVariantGroup section */
		116906F62722328F00F4B66D /* Main.storyboard */ = {
			isa = PBXVariantGroup;
			children = (
				116906F72722328F00F4B66D /* Base */,
			);
			name = Main.storyboard;
			sourceTree = "<group>";
		};
		116906FE2722329300F4B66D /* LaunchScreen.storyboard */ = {
			isa = PBXVariantGroup;
			children = (
				116906FF2722329300F4B66D /* Base */,
			);
			name = LaunchScreen.storyboard;
			sourceTree = "<group>";
		};
/* End PBXVariantGroup section */

/* Begin XCBuildConfiguration section */
		116907022722329300F4B66D /* Debug */ = {
			isa = XCBuildConfiguration;
			buildSettings = {
				ALWAYS_SEARCH_USER_PATHS = NO;
				CLANG_ANALYZER_NONNULL = YES;
				CLANG_ANALYZER_NUMBER_OBJECT_CONVERSION = YES_AGGRESSIVE;
				CLANG_CXX_LANGUAGE_STANDARD = "gnu++17";
				CLANG_CXX_LIBRARY = "libc++";
				CLANG_ENABLE_MODULES = YES;
				CLANG_ENABLE_OBJC_ARC = YES;
				CLANG_ENABLE_OBJC_WEAK = YES;
				CLANG_WARN_BLOCK_CAPTURE_AUTORELEASING = YES;
				CLANG_WARN_BOOL_CONVERSION = YES;
				CLANG_WARN_COMMA = YES;
				CLANG_WARN_CONSTANT_CONVERSION = YES;
				CLANG_WARN_DEPRECATED_OBJC_IMPLEMENTATIONS = YES;
				CLANG_WARN_DIRECT_OBJC_ISA_USAGE = YES_ERROR;
				CLANG_WARN_DOCUMENTATION_COMMENTS = YES;
				CLANG_WARN_EMPTY_BODY = YES;
				CLANG_WARN_ENUM_CONVERSION = YES;
				CLANG_WARN_INFINITE_RECURSION = YES;
				CLANG_WARN_INT_CONVERSION = YES;
				CLANG_WARN_NON_LITERAL_NULL_CONVERSION = YES;
				CLANG_WARN_OBJC_IMPLICIT_RETAIN_SELF = YES;
				CLANG_WARN_OBJC_LITERAL_CONVERSION = YES;
				CLANG_WARN_OBJC_ROOT_CLASS = YES_ERROR;
				CLANG_WARN_QUOTED_INCLUDE_IN_FRAMEWORK_HEADER = YES;
				CLANG_WARN_RANGE_LOOP_ANALYSIS = YES;
				CLANG_WARN_STRICT_PROTOTYPES = YES;
				CLANG_WARN_SUSPICIOUS_MOVE = YES;
				CLANG_WARN_UNGUARDED_AVAILABILITY = YES_AGGRESSIVE;
				CLANG_WARN_UNREACHABLE_CODE = YES;
				CLANG_WARN__DUPLICATE_METHOD_MATCH = YES;
				COPY_PHASE_STRIP = NO;
				DEBUG_INFORMATION_FORMAT = dwarf;
				ENABLE_STRICT_OBJC_MSGSEND = YES;
				ENABLE_TESTABILITY = YES;
				GCC_C_LANGUAGE_STANDARD = gnu11;
				GCC_DYNAMIC_NO_PIC = NO;
				GCC_NO_COMMON_BLOCKS = YES;
				GCC_OPTIMIZATION_LEVEL = 0;
				GCC_PREPROCESSOR_DEFINITIONS = (
					"DEBUG=1",
					"$(inherited)",
				);
				GCC_WARN_64_TO_32_BIT_CONVERSION = YES;
				GCC_WARN_ABOUT_RETURN_TYPE = YES_ERROR;
				GCC_WARN_UNDECLARED_SELECTOR = YES;
				GCC_WARN_UNINITIALIZED_AUTOS = YES_AGGRESSIVE;
				GCC_WARN_UNUSED_FUNCTION = YES;
				GCC_WARN_UNUSED_VARIABLE = YES;
				IPHONEOS_DEPLOYMENT_TARGET = 15.0;
				MTL_ENABLE_DEBUG_INFO = INCLUDE_SOURCE;
				MTL_FAST_MATH = YES;
				ONLY_ACTIVE_ARCH = YES;
				SDKROOT = iphoneos;
				SWIFT_ACTIVE_COMPILATION_CONDITIONS = DEBUG;
				SWIFT_OPTIMIZATION_LEVEL = "-Onone";
			};
			name = Debug;
		};
		116907032722329300F4B66D /* Release */ = {
			isa = XCBuildConfiguration;
			buildSettings = {
				ALWAYS_SEARCH_USER_PATHS = NO;
				CLANG_ANALYZER_NONNULL = YES;
				CLANG_ANALYZER_NUMBER_OBJECT_CONVERSION = YES_AGGRESSIVE;
				CLANG_CXX_LANGUAGE_STANDARD = "gnu++17";
				CLANG_CXX_LIBRARY = "libc++";
				CLANG_ENABLE_MODULES = YES;
				CLANG_ENABLE_OBJC_ARC = YES;
				CLANG_ENABLE_OBJC_WEAK = YES;
				CLANG_WARN_BLOCK_CAPTURE_AUTORELEASING = YES;
				CLANG_WARN_BOOL_CONVERSION = YES;
				CLANG_WARN_COMMA = YES;
				CLANG_WARN_CONSTANT_CONVERSION = YES;
				CLANG_WARN_DEPRECATED_OBJC_IMPLEMENTATIONS = YES;
				CLANG_WARN_DIRECT_OBJC_ISA_USAGE = YES_ERROR;
				CLANG_WARN_DOCUMENTATION_COMMENTS = YES;
				CLANG_WARN_EMPTY_BODY = YES;
				CLANG_WARN_ENUM_CONVERSION = YES;
				CLANG_WARN_INFINITE_RECURSION = YES;
				CLANG_WARN_INT_CONVERSION = YES;
				CLANG_WARN_NON_LITERAL_NULL_CONVERSION = YES;
				CLANG_WARN_OBJC_IMPLICIT_RETAIN_SELF = YES;
				CLANG_WARN_OBJC_LITERAL_CONVERSION = YES;
				CLANG_WARN_OBJC_ROOT_CLASS = YES_ERROR;
				CLANG_WARN_QUOTED_INCLUDE_IN_FRAMEWORK_HEADER = YES;
				CLANG_WARN_RANGE_LOOP_ANALYSIS = YES;
				CLANG_WARN_STRICT_PROTOTYPES = YES;
				CLANG_WARN_SUSPICIOUS_MOVE = YES;
				CLANG_WARN_UNGUARDED_AVAILABILITY = YES_AGGRESSIVE;
				CLANG_WARN_UNREACHABLE_CODE = YES;
				CLANG_WARN__DUPLICATE_METHOD_MATCH = YES;
				COPY_PHASE_STRIP = NO;
				DEBUG_INFORMATION_FORMAT = "dwarf-with-dsym";
				ENABLE_NS_ASSERTIONS = NO;
				ENABLE_STRICT_OBJC_MSGSEND = YES;
				GCC_C_LANGUAGE_STANDARD = gnu11;
				GCC_NO_COMMON_BLOCKS = YES;
				GCC_WARN_64_TO_32_BIT_CONVERSION = YES;
				GCC_WARN_ABOUT_RETURN_TYPE = YES_ERROR;
				GCC_WARN_UNDECLARED_SELECTOR = YES;
				GCC_WARN_UNINITIALIZED_AUTOS = YES_AGGRESSIVE;
				GCC_WARN_UNUSED_FUNCTION = YES;
				GCC_WARN_UNUSED_VARIABLE = YES;
				IPHONEOS_DEPLOYMENT_TARGET = 15.0;
				MTL_ENABLE_DEBUG_INFO = NO;
				MTL_FAST_MATH = YES;
				SDKROOT = iphoneos;
				SWIFT_COMPILATION_MODE = wholemodule;
				SWIFT_OPTIMIZATION_LEVEL = "-O";
				VALIDATE_PRODUCT = YES;
			};
			name = Release;
		};
		116907052722329300F4B66D /* Debug */ = {
			isa = XCBuildConfiguration;
			buildSettings = {
				ASSETCATALOG_COMPILER_APPICON_NAME = AppIcon;
				ASSETCATALOG_COMPILER_GLOBAL_ACCENT_COLOR_NAME = AccentColor;
				CODE_SIGN_STYLE = Automatic;
				CURRENT_PROJECT_VERSION = 1;
				DEVELOPMENT_TEAM = 3JF86XZDGA;
				GENERATE_INFOPLIST_FILE = YES;
				INFOPLIST_FILE = "To Do List/Supporting Files/Info.plist";
				INFOPLIST_KEY_UIApplicationSupportsIndirectInputEvents = YES;
				INFOPLIST_KEY_UILaunchStoryboardName = LaunchScreen;
				INFOPLIST_KEY_UIMainStoryboardFile = Main;
				INFOPLIST_KEY_UISupportedInterfaceOrientations_iPad = "UIInterfaceOrientationPortrait UIInterfaceOrientationPortraitUpsideDown UIInterfaceOrientationLandscapeLeft UIInterfaceOrientationLandscapeRight";
				INFOPLIST_KEY_UISupportedInterfaceOrientations_iPhone = "UIInterfaceOrientationPortrait UIInterfaceOrientationLandscapeLeft UIInterfaceOrientationLandscapeRight";
				LD_RUNPATH_SEARCH_PATHS = (
					"$(inherited)",
					"@executable_path/Frameworks",
				);
				MARKETING_VERSION = 1.0;
				PRODUCT_BUNDLE_IDENTIFIER = "AlexanderBykov.To-Do-List";
				PRODUCT_NAME = "$(TARGET_NAME)";
				SWIFT_EMIT_LOC_STRINGS = YES;
				SWIFT_VERSION = 5.0;
				TARGETED_DEVICE_FAMILY = "1,2";
			};
			name = Debug;
		};
		116907062722329300F4B66D /* Release */ = {
			isa = XCBuildConfiguration;
			buildSettings = {
				ASSETCATALOG_COMPILER_APPICON_NAME = AppIcon;
				ASSETCATALOG_COMPILER_GLOBAL_ACCENT_COLOR_NAME = AccentColor;
				CODE_SIGN_STYLE = Automatic;
				CURRENT_PROJECT_VERSION = 1;
				DEVELOPMENT_TEAM = 3JF86XZDGA;
				GENERATE_INFOPLIST_FILE = YES;
				INFOPLIST_FILE = "To Do List/Supporting Files/Info.plist";
				INFOPLIST_KEY_UIApplicationSupportsIndirectInputEvents = YES;
				INFOPLIST_KEY_UILaunchStoryboardName = LaunchScreen;
				INFOPLIST_KEY_UIMainStoryboardFile = Main;
				INFOPLIST_KEY_UISupportedInterfaceOrientations_iPad = "UIInterfaceOrientationPortrait UIInterfaceOrientationPortraitUpsideDown UIInterfaceOrientationLandscapeLeft UIInterfaceOrientationLandscapeRight";
				INFOPLIST_KEY_UISupportedInterfaceOrientations_iPhone = "UIInterfaceOrientationPortrait UIInterfaceOrientationLandscapeLeft UIInterfaceOrientationLandscapeRight";
				LD_RUNPATH_SEARCH_PATHS = (
					"$(inherited)",
					"@executable_path/Frameworks",
				);
				MARKETING_VERSION = 1.0;
				PRODUCT_BUNDLE_IDENTIFIER = "AlexanderBykov.To-Do-List";
				PRODUCT_NAME = "$(TARGET_NAME)";
				SWIFT_EMIT_LOC_STRINGS = YES;
				SWIFT_VERSION = 5.0;
				TARGETED_DEVICE_FAMILY = "1,2";
			};
			name = Release;
		};
/* End XCBuildConfiguration section */

/* Begin XCConfigurationList section */
		116906E82722328F00F4B66D /* Build configuration list for PBXProject "To Do List" */ = {
			isa = XCConfigurationList;
			buildConfigurations = (
				116907022722329300F4B66D /* Debug */,
				116907032722329300F4B66D /* Release */,
			);
			defaultConfigurationIsVisible = 0;
			defaultConfigurationName = Release;
		};
		116907042722329300F4B66D /* Build configuration list for PBXNativeTarget "To Do List" */ = {
			isa = XCConfigurationList;
			buildConfigurations = (
				116907052722329300F4B66D /* Debug */,
				116907062722329300F4B66D /* Release */,
			);
			defaultConfigurationIsVisible = 0;
			defaultConfigurationName = Release;
		};
/* End XCConfigurationList section */

/* Begin XCVersionGroup section */
		116906F92722328F00F4B66D /* To_Do_List.xcdatamodeld */ = {
			isa = XCVersionGroup;
			children = (
				116906FA2722328F00F4B66D /* To_Do_List.xcdatamodel */,
			);
			currentVersion = 116906FA2722328F00F4B66D /* To_Do_List.xcdatamodel */;
			path = To_Do_List.xcdatamodeld;
			sourceTree = "<group>";
			versionGroupType = wrapper.xcdatamodel;
		};
/* End XCVersionGroup section */
	};
	rootObject = 116906E52722328F00F4B66D /* Project object */;
}
